# THIS IS AN AUTOGENERATED FILE. DO NOT EDIT THIS FILE DIRECTLY.
# yarn lockfile v1


jquery@^3.4.1:
  version "3.4.1"
  resolved "https://registry.npm.taobao.org/jquery/download/jquery-3.4.1.tgz#714f1f8d9dde4bdfa55764ba37ef214630d80ef2"
  integrity sha1-cU8fjZ3eS9+lV2S6N+8hRjDYDvI=

underscore@^1.9.2:
  version "1.9.2"
  resolved "https://registry.npm.taobao.org/underscore/download/underscore-1.9.2.tgz#0c8d6f536d6f378a5af264a72f7bec50feb7cf2f"
  integrity sha1-DI1vU21vN4pa8mSnL3vsUP63zy8=

vue@^2.6.11:
  version "2.6.11"
  resolved "https://registry.npm.taobao.org/vue/download/vue-2.6.11.tgz?cache=0&other_urls=https%3A%2F%2Fregistry.npm.taobao.org%2Fvue%2Fdownload%2Fvue-2.6.11.tgz#76594d877d4b12234406e84e35275c6d514125c5"
  integrity sha1-dllNh31LEiNEBuhONSdcbVFBJcU=
